
Microsoft Visual Studio Solution File, Format Version 12.00
Project("{FAE04EC0-301F-11D3-BF4B-00C04F79EFBC}") = "SwgeDatapadEmulator", "SwgeDatapadEmulator\SwgeDatapadEmulator.csproj", "{C6CB9135-E1F0-4255-BEF4-3B40F9B77986}"
EndProject
Project("{FAE04EC0-301F-11D3-BF4B-00C04F79EFBC}") = "SwgeChatbotParser", "SwgeChatbotParser\SwgeChatbotParser.csproj", "{0C5E05A4-0B94-42AC-9229-6E1D1904C2CE}"
EndProject
Global
	GlobalSection(SolutionConfigurationPlatforms) = preSolution
		Debug|Any CPU = Debug|Any CPU
		Release|Any CPU = Release|Any CPU
	EndGlobalSection
	GlobalSection(ProjectConfigurationPlatforms) = postSolution
		{C6CB9135-E1F0-4255-BEF4-3B40F9B77986}.Debug|Any CPU.ActiveCfg = Debug|Any CPU
		{C6CB9135-E1F0-4255-BEF4-3B40F9B77986}.Debug|Any CPU.Build.0 = Debug|Any CPU
		{C6CB9135-E1F0-4255-BEF4-3B40F9B77986}.Release|Any CPU.ActiveCfg = Release|Any CPU
		{C6CB9135-E1F0-4255-BEF4-3B40F9B77986}.Release|Any CPU.Build.0 = Release|Any CPU
		{0C5E05A4-0B94-42AC-9229-6E1D1904C2CE}.Debug|Any CPU.ActiveCfg = Debug|Any CPU
		{0C5E05A4-0B94-42AC-9229-6E1D1904C2CE}.Debug|Any CPU.Build.0 = Debug|Any CPU
		{0C5E05A4-0B94-42AC-9229-6E1D1904C2CE}.Release|Any CPU.ActiveCfg = Release|Any CPU
		{0C5E05A4-0B94-42AC-9229-6E1D1904C2CE}.Release|Any CPU.Build.0 = Release|Any CPU
	EndGlobalSection
EndGlobal
